// !$*UTF8*$!
{
	archiveVersion = 1;
	classes = {
	};
	objectVersion = 50;
	objects = {

/* Begin PBXBuildFile section */
		95939D5524935ACD0026C1C7 /* AppDelegate.swift in Sources */ = {isa = PBXBuildFile; fileRef = 95939D5424935ACD0026C1C7 /* AppDelegate.swift */; };
		95939D5924935ACD0026C1C7 /* LoginViewController.swift in Sources */ = {isa = PBXBuildFile; fileRef = 95939D5824935ACD0026C1C7 /* LoginViewController.swift */; };
		95939D5C24935ACD0026C1C7 /* Main.storyboard in Resources */ = {isa = PBXBuildFile; fileRef = 95939D5A24935ACD0026C1C7 /* Main.storyboard */; };
		95939D5E24935ACE0026C1C7 /* Assets.xcassets in Resources */ = {isa = PBXBuildFile; fileRef = 95939D5D24935ACE0026C1C7 /* Assets.xcassets */; };
		95939D6124935ACE0026C1C7 /* LaunchScreen.storyboard in Resources */ = {isa = PBXBuildFile; fileRef = 95939D5F24935ACE0026C1C7 /* LaunchScreen.storyboard */; };
/* End PBXBuildFile section */

/* Begin PBXFileReference section */
		95939D5124935ACD0026C1C7 /* 1l_ДмитриевДенис.app */ = {isa = PBXFileReference; explicitFileType = wrapper.application; includeInIndex = 0; path = "1l_ДмитриевДенис.app"; sourceTree = BUILT_PRODUCTS_DIR; };
		95939D5424935ACD0026C1C7 /* AppDelegate.swift */ = {isa = PBXFileReference; lastKnownFileType = sourcecode.swift; path = AppDelegate.swift; sourceTree = "<group>"; };
		95939D5824935ACD0026C1C7 /* LoginViewController.swift */ = {isa = PBXFileReference; lastKnownFileType = sourcecode.swift; path = LoginViewController.swift; sourceTree = "<group>"; };
		95939D5B24935ACD0026C1C7 /* Base */ = {isa = PBXFileReference; lastKnownFileType = file.storyboard; name = Base; path = Base.lproj/Main.storyboard; sourceTree = "<group>"; };
		95939D5D24935ACE0026C1C7 /* Assets.xcassets */ = {isa = PBXFileReference; lastKnownFileType = folder.assetcatalog; path = Assets.xcassets; sourceTree = "<group>"; };
		95939D6024935ACE0026C1C7 /* Base */ = {isa = PBXFileReference; lastKnownFileType = file.storyboard; name = Base; path = Base.lproj/LaunchScreen.storyboard; sourceTree = "<group>"; };
		95939D6224935ACE0026C1C7 /* Info.plist */ = {isa = PBXFileReference; lastKnownFileType = text.plist.xml; path = Info.plist; sourceTree = "<group>"; };
/* End PBXFileReference section */

/* Begin PBXFrameworksBuildPhase section */
		95939D4E24935ACD0026C1C7 /* Frameworks */ = {
			isa = PBXFrameworksBuildPhase;
			buildActionMask = 2147483647;
			files = (
			);
			runOnlyForDeploymentPostprocessing = 0;
		};
/* End PBXFrameworksBuildPhase section */

/* Begin PBXGroup section */
		95939D4824935ACD0026C1C7 = {
			isa = PBXGroup;
			children = (
				95939D5324935ACD0026C1C7 /* 1l_ДмитриевДенис */,
				95939D5224935ACD0026C1C7 /* Products */,
			);
			sourceTree = "<group>";
		};
		95939D5224935ACD0026C1C7 /* Products */ = {
			isa = PBXGroup;
			children = (
				95939D5124935ACD0026C1C7 /* 1l_ДмитриевДенис.app */,
			);
			name = Products;
			sourceTree = "<group>";
		};
		95939D5324935ACD0026C1C7 /* 1l_ДмитриевДенис */ = {
			isa = PBXGroup;
			children = (
				95939D5424935ACD0026C1C7 /* AppDelegate.swift */,
				95939D5824935ACD0026C1C7 /* LoginViewController.swift */,
				95939D5A24935ACD0026C1C7 /* Main.storyboard */,
				95939D5D24935ACE0026C1C7 /* Assets.xcassets */,
				95939D5F24935ACE0026C1C7 /* LaunchScreen.storyboard */,
				95939D6224935ACE0026C1C7 /* Info.plist */,
			);
			path = "1l_ДмитриевДенис";
			sourceTree = "<group>";
		};
/* End PBXGroup section */

/* Begin PBXNativeTarget section */
		95939D5024935ACD0026C1C7 /* 1l_ДмитриевДенис */ = {
			isa = PBXNativeTarget;
			buildConfigurationList = 95939D6524935ACE0026C1C7 /* Build configuration list for PBXNativeTarget "1l_ДмитриевДенис" */;
			buildPhases = (
				95939D4D24935ACD0026C1C7 /* Sources */,
				95939D4E24935ACD0026C1C7 /* Frameworks */,
				95939D4F24935ACD0026C1C7 /* Resources */,
			);
			buildRules = (
			);
			dependencies = (
			);
			name = "1l_ДмитриевДенис";
			productName = "1l_ДмитриевДенис";
			productReference = 95939D5124935ACD0026C1C7 /* 1l_ДмитриевДенис.app */;
			productType = "com.apple.product-type.application";
		};
/* End PBXNativeTarget section */

/* Begin PBXProject section */
		95939D4924935ACD0026C1C7 /* Project object */ = {
			isa = PBXProject;
			attributes = {
				LastSwiftUpdateCheck = 1150;
				LastUpgradeCheck = 1150;
				ORGANIZATIONNAME = "Denis Dmitriev";
				TargetAttributes = {
					95939D5024935ACD0026C1C7 = {
						CreatedOnToolsVersion = 11.5;
					};
				};
			};
			buildConfigurationList = 95939D4C24935ACD0026C1C7 /* Build configuration list for PBXProject "1l_ДмитриевДенис" */;
			compatibilityVersion = "Xcode 9.3";
			developmentRegion = en;
			hasScannedForEncodings = 0;
			knownRegions = (
				en,
				Base,
			);
			mainGroup = 95939D4824935ACD0026C1C7;
			productRefGroup = 95939D5224935ACD0026C1C7 /* Products */;
			projectDirPath = "";
			projectRoot = "";
			targets = (
				95939D5024935ACD0026C1C7 /* 1l_ДмитриевДенис */,
			);
		};
/* End PBXProject section */

/* Begin PBXResourcesBuildPhase section */
		95939D4F24935ACD0026C1C7 /* Resources */ = {
			isa = PBXResourcesBuildPhase;
			buildActionMask = 2147483647;
			files = (
				95939D6124935ACE0026C1C7 /* LaunchScreen.storyboard in Resources */,
				95939D5E24935ACE0026C1C7 /* Assets.xcassets in Resources */,
				95939D5C24935ACD0026C1C7 /* Main.storyboard in Resources */,
			);
			runOnlyForDeploymentPostprocessing = 0;
		};
/* End PBXResourcesBuildPhase section */

/* Begin PBXSourcesBuildPhase section */
		95939D4D24935ACD0026C1C7 /* Sources */ = {
			isa = PBXSourcesBuildPhase;
			buildActionMask = 2147483647;
			files = (
				95939D5924935ACD0026C1C7 /* LoginViewController.swift in Sources */,
				95939D5524935ACD0026C1C7 /* AppDelegate.swift in Sources */,
			);
			runOnlyForDeploymentPostprocessing = 0;
		};
/* End PBXSourcesBuildPhase section */

/* Begin PBXVariantGroup section */
		95939D5A24935ACD0026C1C7 /* Main.storyboard */ = {
			isa = PBXVariantGroup;
			children = (
				95939D5B24935ACD0026C1C7 /* Base */,
			);
			name = Main.storyboard;
			sourceTree = "<group>";
		};
		95939D5F24935ACE0026C1C7 /* LaunchScreen.storyboard */ = {
			isa = PBXVariantGroup;
			children = (
				95939D6024935ACE0026C1C7 /* Base */,
			);
			name = LaunchScreen.storyboard;
			sourceTree = "<group>";
		};
/* End PBXVariantGroup section */

/* Begin XCBuildConfiguration section */
		95939D6324935ACE0026C1C7 /* Debug */ = {
			isa = XCBuildConfiguration;
			buildSettings = {
				ALWAYS_SEARCH_USER_PATHS = NO;
				CLANG_ANALYZER_NONNULL = YES;
				CLANG_ANALYZER_NUMBER_OBJECT_CONVERSION = YES_AGGRESSIVE;
				CLANG_CXX_LANGUAGE_STANDARD = "gnu++14";
				CLANG_CXX_LIBRARY = "libc++";
				CLANG_ENABLE_MODULES = YES;
				CLANG_ENABLE_OBJC_ARC = YES;
				CLANG_ENABLE_OBJC_WEAK = YES;
				CLANG_WARN_BLOCK_CAPTURE_AUTORELEASING = YES;
				CLANG_WARN_BOOL_CONVERSION = YES;
				CLANG_WARN_COMMA = YES;
				CLANG_WARN_CONSTANT_CONVERSION = YES;
				CLANG_WARN_DEPRECATED_OBJC_IMPLEMENTATIONS = YES;
				CLANG_WARN_DIRECT_OBJC_ISA_USAGE = YES_ERROR;
				CLANG_WARN_DOCUMENTATION_COMMENTS = YES;
				CLANG_WARN_EMPTY_BODY = YES;
				CLANG_WARN_ENUM_CONVERSION = YES;
				CLANG_WARN_INFINITE_RECURSION = YES;
				CLANG_WARN_INT_CONVERSION = YES;
				CLANG_WARN_NON_LITERAL_NULL_CONVERSION = YES;
				CLANG_WARN_OBJC_IMPLICIT_RETAIN_SELF = YES;
				CLANG_WARN_OBJC_LITERAL_CONVERSION = YES;
				CLANG_WARN_OBJC_ROOT_CLASS = YES_ERROR;
				CLANG_WARN_RANGE_LOOP_ANALYSIS = YES;
				CLANG_WARN_STRICT_PROTOTYPES = YES;
				CLANG_WARN_SUSPICIOUS_MOVE = YES;
				CLANG_WARN_UNGUARDED_AVAILABILITY = YES_AGGRESSIVE;
				CLANG_WARN_UNREACHABLE_CODE = YES;
				CLANG_WARN__DUPLICATE_METHOD_MATCH = YES;
				COPY_PHASE_STRIP = NO;
				DEBUG_INFORMATION_FORMAT = dwarf;
				ENABLE_STRICT_OBJC_MSGSEND = YES;
				ENABLE_TESTABILITY = YES;
				GCC_C_LANGUAGE_STANDARD = gnu11;
				GCC_DYNAMIC_NO_PIC = NO;
				GCC_NO_COMMON_BLOCKS = YES;
				GCC_OPTIMIZATION_LEVEL = 0;
				GCC_PREPROCESSOR_DEFINITIONS = (
					"DEBUG=1",
					"$(inherited)",
				);
				GCC_WARN_64_TO_32_BIT_CONVERSION = YES;
				GCC_WARN_ABOUT_RETURN_TYPE = YES_ERROR;
				GCC_WARN_UNDECLARED_SELECTOR = YES;
				GCC_WARN_UNINITIALIZED_AUTOS = YES_AGGRESSIVE;
				GCC_WARN_UNUSED_FUNCTION = YES;
				GCC_WARN_UNUSED_VARIABLE = YES;
				IPHONEOS_DEPLOYMENT_TARGET = 13.5;
				MTL_ENABLE_DEBUG_INFO = INCLUDE_SOURCE;
				MTL_FAST_MATH = YES;
				ONLY_ACTIVE_ARCH = YES;
				SDKROOT = iphoneos;
				SWIFT_ACTIVE_COMPILATION_CONDITIONS = DEBUG;
				SWIFT_OPTIMIZATION_LEVEL = "-Onone";
			};
			name = Debug;
		};
		95939D6424935ACE0026C1C7 /* Release */ = {
			isa = XCBuildConfiguration;
			buildSettings = {
				ALWAYS_SEARCH_USER_PATHS = NO;
				CLANG_ANALYZER_NONNULL = YES;
				CLANG_ANALYZER_NUMBER_OBJECT_CONVERSION = YES_AGGRESSIVE;
				CLANG_CXX_LANGUAGE_STANDARD = "gnu++14";
				CLANG_CXX_LIBRARY = "libc++";
				CLANG_ENABLE_MODULES = YES;
				CLANG_ENABLE_OBJC_ARC = YES;
				CLANG_ENABLE_OBJC_WEAK = YES;
				CLANG_WARN_BLOCK_CAPTURE_AUTORELEASING = YES;
				CLANG_WARN_BOOL_CONVERSION = YES;
				CLANG_WARN_COMMA = YES;
				CLANG_WARN_CONSTANT_CONVERSION = YES;
				CLANG_WARN_DEPRECATED_OBJC_IMPLEMENTATIONS = YES;
				CLANG_WARN_DIRECT_OBJC_ISA_USAGE = YES_ERROR;
				CLANG_WARN_DOCUMENTATION_COMMENTS = YES;
				CLANG_WARN_EMPTY_BODY = YES;
				CLANG_WARN_ENUM_CONVERSION = YES;
				CLANG_WARN_INFINITE_RECURSION = YES;
				CLANG_WARN_INT_CONVERSION = YES;
				CLANG_WARN_NON_LITERAL_NULL_CONVERSION = YES;
				CLANG_WARN_OBJC_IMPLICIT_RETAIN_SELF = YES;
				CLANG_WARN_OBJC_LITERAL_CONVERSION = YES;
				CLANG_WARN_OBJC_ROOT_CLASS = YES_ERROR;
				CLANG_WARN_RANGE_LOOP_ANALYSIS = YES;
				CLANG_WARN_STRICT_PROTOTYPES = YES;
				CLANG_WARN_SUSPICIOUS_MOVE = YES;
				CLANG_WARN_UNGUARDED_AVAILABILITY = YES_AGGRESSIVE;
				CLANG_WARN_UNREACHABLE_CODE = YES;
				CLANG_WARN__DUPLICATE_METHOD_MATCH = YES;
				COPY_PHASE_STRIP = NO;
				DEBUG_INFORMATION_FORMAT = "dwarf-with-dsym";
				ENABLE_NS_ASSERTIONS = NO;
				ENABLE_STRICT_OBJC_MSGSEND = YES;
				GCC_C_LANGUAGE_STANDARD = gnu11;
				GCC_NO_COMMON_BLOCKS = YES;
				GCC_WARN_64_TO_32_BIT_CONVERSION = YES;
				GCC_WARN_ABOUT_RETURN_TYPE = YES_ERROR;
				GCC_WARN_UNDECLARED_SELECTOR = YES;
				GCC_WARN_UNINITIALIZED_AUTOS = YES_AGGRESSIVE;
				GCC_WARN_UNUSED_FUNCTION = YES;
				GCC_WARN_UNUSED_VARIABLE = YES;
				IPHONEOS_DEPLOYMENT_TARGET = 13.5;
				MTL_ENABLE_DEBUG_INFO = NO;
				MTL_FAST_MATH = YES;
				SDKROOT = iphoneos;
				SWIFT_COMPILATION_MODE = wholemodule;
				SWIFT_OPTIMIZATION_LEVEL = "-O";
				VALIDATE_PRODUCT = YES;
			};
			name = Release;
		};
		95939D6624935ACE0026C1C7 /* Debug */ = {
			isa = XCBuildConfiguration;
			buildSettings = {
				ASSETCATALOG_COMPILER_APPICON_NAME = AppIcon;
				CODE_SIGN_STYLE = Automatic;
				DEVELOPMENT_TEAM = TNTX3799P3;
				INFOPLIST_FILE = "1l_ДмитриевДенис/Info.plist";
				LD_RUNPATH_SEARCH_PATHS = (
					"$(inherited)",
					"@executable_path/Frameworks",
				);
				PRODUCT_BUNDLE_IDENTIFIER = "dd.-l--------------";
				PRODUCT_NAME = "$(TARGET_NAME)";
				SWIFT_VERSION = 5.0;
				TARGETED_DEVICE_FAMILY = "1,2";
			};
			name = Debug;
		};
		95939D6724935ACE0026C1C7 /* Release */ = {
			isa = XCBuildConfiguration;
			buildSettings = {
				ASSETCATALOG_COMPILER_APPICON_NAME = AppIcon;
				CODE_SIGN_STYLE = Automatic;
				DEVELOPMENT_TEAM = TNTX3799P3;
				INFOPLIST_FILE = "1l_ДмитриевДенис/Info.plist";
				LD_RUNPATH_SEARCH_PATHS = (
					"$(inherited)",
					"@executable_path/Frameworks",
				);
				PRODUCT_BUNDLE_IDENTIFIER = "dd.-l--------------";
				PRODUCT_NAME = "$(TARGET_NAME)";
				SWIFT_VERSION = 5.0;
				TARGETED_DEVICE_FAMILY = "1,2";
			};
			name = Release;
		};
/* End XCBuildConfiguration section */

/* Begin XCConfigurationList section */
		95939D4C24935ACD0026C1C7 /* Build configuration list for PBXProject "1l_ДмитриевДенис" */ = {
			isa = XCConfigurationList;
			buildConfigurations = (
				95939D6324935ACE0026C1C7 /* Debug */,
				95939D6424935ACE0026C1C7 /* Release */,
			);
			defaultConfigurationIsVisible = 0;
			defaultConfigurationName = Release;
		};
		95939D6524935ACE0026C1C7 /* Build configuration list for PBXNativeTarget "1l_ДмитриевДенис" */ = {
			isa = XCConfigurationList;
			buildConfigurations = (
				95939D6624935ACE0026C1C7 /* Debug */,
				95939D6724935ACE0026C1C7 /* Release */,
			);
			defaultConfigurationIsVisible = 0;
			defaultConfigurationName = Release;
		};
/* End XCConfigurationList section */
	};
	rootObject = 95939D4924935ACD0026C1C7 /* Project object */;
}
