// !$*UTF8*$!
{
	archiveVersion = 1;
	classes = {
	};
	objectVersion = 51;
	objects = {

/* Begin PBXBuildFile section */
		63A44084A2B02587626CB11D /* Pods_VK.framework in Frameworks */ = {isa = PBXBuildFile; fileRef = 9040B23791A6CFC6C3BC4EA6 /* Pods_VK.framework */; };
		95411F6024ACD6C7009F50A7 /* PostTableViewCell.swift in Sources */ = {isa = PBXBuildFile; fileRef = 95411F5E24ACD6C7009F50A7 /* PostTableViewCell.swift */; };
		95411F6124ACD6C7009F50A7 /* PostTableViewCell.xib in Resources */ = {isa = PBXBuildFile; fileRef = 95411F5F24ACD6C7009F50A7 /* PostTableViewCell.xib */; };
		95411F6324ACDE1C009F50A7 /* Post.swift in Sources */ = {isa = PBXBuildFile; fileRef = 95411F6224ACDE1C009F50A7 /* Post.swift */; };
		95476A5724B26C64004DACE0 /* LoadingAnimationView.swift in Sources */ = {isa = PBXBuildFile; fileRef = 95476A5624B26C64004DACE0 /* LoadingAnimationView.swift */; };
		9548C37524A5202B00B03357 /* AvatarView.swift in Sources */ = {isa = PBXBuildFile; fileRef = 9548C37424A5202B00B03357 /* AvatarView.swift */; };
		9548C37724A522A400B03357 /* MeViewController.swift in Sources */ = {isa = PBXBuildFile; fileRef = 9548C37624A522A400B03357 /* MeViewController.swift */; };
		9548C37B24A77FDF00B03357 /* FilterControl.swift in Sources */ = {isa = PBXBuildFile; fileRef = 9548C37A24A77FDF00B03357 /* FilterControl.swift */; };
		954A3B8624B10E9B00CC4698 /* LikeButton.swift in Sources */ = {isa = PBXBuildFile; fileRef = 954A3B8524B10E9B00CC4698 /* LikeButton.swift */; };
		95776784249F4DCA00F12F34 /* FriendsTableViewController.swift in Sources */ = {isa = PBXBuildFile; fileRef = 95776783249F4DCA00F12F34 /* FriendsTableViewController.swift */; };
		95776787249F4DEE00F12F34 /* FriendTableViewCell.swift in Sources */ = {isa = PBXBuildFile; fileRef = 95776786249F4DEE00F12F34 /* FriendTableViewCell.swift */; };
		95776789249F4EC100F12F34 /* PhotosFriendCollectionViewController.swift in Sources */ = {isa = PBXBuildFile; fileRef = 95776788249F4EC100F12F34 /* PhotosFriendCollectionViewController.swift */; };
		9577678B249F4ED100F12F34 /* PhotoCollectionViewCell.swift in Sources */ = {isa = PBXBuildFile; fileRef = 9577678A249F4ED100F12F34 /* PhotoCollectionViewCell.swift */; };
		9577678F249F4FD200F12F34 /* GroupsTableViewController.swift in Sources */ = {isa = PBXBuildFile; fileRef = 9577678E249F4FD200F12F34 /* GroupsTableViewController.swift */; };
		95776791249F4FDE00F12F34 /* GroupTableViewCell.swift in Sources */ = {isa = PBXBuildFile; fileRef = 95776790249F4FDE00F12F34 /* GroupTableViewCell.swift */; };
		95776795249F50CC00F12F34 /* GlobalGroupsTableViewController.swift in Sources */ = {isa = PBXBuildFile; fileRef = 95776794249F50CC00F12F34 /* GlobalGroupsTableViewController.swift */; };
		95776798249F50FE00F12F34 /* User.swift in Sources */ = {isa = PBXBuildFile; fileRef = 95776797249F50FE00F12F34 /* User.swift */; };
		9577679A249F52BB00F12F34 /* Group.swift in Sources */ = {isa = PBXBuildFile; fileRef = 95776799249F52BB00F12F34 /* Group.swift */; };
		95939D5524935ACD0026C1C7 /* AppDelegate.swift in Sources */ = {isa = PBXBuildFile; fileRef = 95939D5424935ACD0026C1C7 /* AppDelegate.swift */; };
		95939D5924935ACD0026C1C7 /* LoginViewController.swift in Sources */ = {isa = PBXBuildFile; fileRef = 95939D5824935ACD0026C1C7 /* LoginViewController.swift */; };
		95939D5C24935ACD0026C1C7 /* Main.storyboard in Resources */ = {isa = PBXBuildFile; fileRef = 95939D5A24935ACD0026C1C7 /* Main.storyboard */; };
		95939D5E24935ACE0026C1C7 /* Assets.xcassets in Resources */ = {isa = PBXBuildFile; fileRef = 95939D5D24935ACE0026C1C7 /* Assets.xcassets */; };
		95939D6124935ACE0026C1C7 /* LaunchScreen.storyboard in Resources */ = {isa = PBXBuildFile; fileRef = 95939D5F24935ACE0026C1C7 /* LaunchScreen.storyboard */; };
		95D5C5C024ACEAF900738786 /* LentaTableViewController.swift in Sources */ = {isa = PBXBuildFile; fileRef = 95D5C5BF24ACEAF900738786 /* LentaTableViewController.swift */; };
		95DED22824B35C640076B124 /* Loading.xib in Resources */ = {isa = PBXBuildFile; fileRef = 95DED22724B35C630076B124 /* Loading.xib */; };
/* End PBXBuildFile section */

/* Begin PBXFileReference section */
		185A5960641C48FF69943891 /* Pods-VK.release.xcconfig */ = {isa = PBXFileReference; includeInIndex = 1; lastKnownFileType = text.xcconfig; name = "Pods-VK.release.xcconfig"; path = "Target Support Files/Pods-VK/Pods-VK.release.xcconfig"; sourceTree = "<group>"; };
		9040B23791A6CFC6C3BC4EA6 /* Pods_VK.framework */ = {isa = PBXFileReference; explicitFileType = wrapper.framework; includeInIndex = 0; path = Pods_VK.framework; sourceTree = BUILT_PRODUCTS_DIR; };
		95411F5E24ACD6C7009F50A7 /* PostTableViewCell.swift */ = {isa = PBXFileReference; lastKnownFileType = sourcecode.swift; path = PostTableViewCell.swift; sourceTree = "<group>"; };
		95411F5F24ACD6C7009F50A7 /* PostTableViewCell.xib */ = {isa = PBXFileReference; lastKnownFileType = file.xib; path = PostTableViewCell.xib; sourceTree = "<group>"; };
		95411F6224ACDE1C009F50A7 /* Post.swift */ = {isa = PBXFileReference; lastKnownFileType = sourcecode.swift; path = Post.swift; sourceTree = "<group>"; };
		95476A5624B26C64004DACE0 /* LoadingAnimationView.swift */ = {isa = PBXFileReference; lastKnownFileType = sourcecode.swift; path = LoadingAnimationView.swift; sourceTree = "<group>"; };
		9548C37424A5202B00B03357 /* AvatarView.swift */ = {isa = PBXFileReference; lastKnownFileType = sourcecode.swift; path = AvatarView.swift; sourceTree = "<group>"; };
		9548C37624A522A400B03357 /* MeViewController.swift */ = {isa = PBXFileReference; lastKnownFileType = sourcecode.swift; path = MeViewController.swift; sourceTree = "<group>"; };
		9548C37A24A77FDF00B03357 /* FilterControl.swift */ = {isa = PBXFileReference; lastKnownFileType = sourcecode.swift; path = FilterControl.swift; sourceTree = "<group>"; };
		954A3B8524B10E9B00CC4698 /* LikeButton.swift */ = {isa = PBXFileReference; lastKnownFileType = sourcecode.swift; path = LikeButton.swift; sourceTree = "<group>"; };
		95776783249F4DCA00F12F34 /* FriendsTableViewController.swift */ = {isa = PBXFileReference; lastKnownFileType = sourcecode.swift; path = FriendsTableViewController.swift; sourceTree = "<group>"; };
		95776786249F4DEE00F12F34 /* FriendTableViewCell.swift */ = {isa = PBXFileReference; lastKnownFileType = sourcecode.swift; path = FriendTableViewCell.swift; sourceTree = "<group>"; };
		95776788249F4EC100F12F34 /* PhotosFriendCollectionViewController.swift */ = {isa = PBXFileReference; lastKnownFileType = sourcecode.swift; path = PhotosFriendCollectionViewController.swift; sourceTree = "<group>"; };
		9577678A249F4ED100F12F34 /* PhotoCollectionViewCell.swift */ = {isa = PBXFileReference; lastKnownFileType = sourcecode.swift; path = PhotoCollectionViewCell.swift; sourceTree = "<group>"; };
		9577678E249F4FD200F12F34 /* GroupsTableViewController.swift */ = {isa = PBXFileReference; lastKnownFileType = sourcecode.swift; path = GroupsTableViewController.swift; sourceTree = "<group>"; };
		95776790249F4FDE00F12F34 /* GroupTableViewCell.swift */ = {isa = PBXFileReference; lastKnownFileType = sourcecode.swift; path = GroupTableViewCell.swift; sourceTree = "<group>"; };
		95776794249F50CC00F12F34 /* GlobalGroupsTableViewController.swift */ = {isa = PBXFileReference; lastKnownFileType = sourcecode.swift; path = GlobalGroupsTableViewController.swift; sourceTree = "<group>"; };
		95776797249F50FE00F12F34 /* User.swift */ = {isa = PBXFileReference; lastKnownFileType = sourcecode.swift; path = User.swift; sourceTree = "<group>"; };
		95776799249F52BB00F12F34 /* Group.swift */ = {isa = PBXFileReference; lastKnownFileType = sourcecode.swift; path = Group.swift; sourceTree = "<group>"; };
		95939D5124935ACD0026C1C7 /* VK.app */ = {isa = PBXFileReference; explicitFileType = wrapper.application; includeInIndex = 0; path = VK.app; sourceTree = BUILT_PRODUCTS_DIR; };
		95939D5424935ACD0026C1C7 /* AppDelegate.swift */ = {isa = PBXFileReference; lastKnownFileType = sourcecode.swift; path = AppDelegate.swift; sourceTree = "<group>"; };
		95939D5824935ACD0026C1C7 /* LoginViewController.swift */ = {isa = PBXFileReference; lastKnownFileType = sourcecode.swift; path = LoginViewController.swift; sourceTree = "<group>"; };
		95939D5B24935ACD0026C1C7 /* Base */ = {isa = PBXFileReference; lastKnownFileType = file.storyboard; name = Base; path = Base.lproj/Main.storyboard; sourceTree = "<group>"; };
		95939D5D24935ACE0026C1C7 /* Assets.xcassets */ = {isa = PBXFileReference; lastKnownFileType = folder.assetcatalog; path = Assets.xcassets; sourceTree = "<group>"; };
		95939D6024935ACE0026C1C7 /* Base */ = {isa = PBXFileReference; lastKnownFileType = file.storyboard; name = Base; path = Base.lproj/LaunchScreen.storyboard; sourceTree = "<group>"; };
		95939D6224935ACE0026C1C7 /* Info.plist */ = {isa = PBXFileReference; lastKnownFileType = text.plist.xml; path = Info.plist; sourceTree = "<group>"; };
		95D5C5BF24ACEAF900738786 /* LentaTableViewController.swift */ = {isa = PBXFileReference; lastKnownFileType = sourcecode.swift; path = LentaTableViewController.swift; sourceTree = "<group>"; };
		95DED22724B35C630076B124 /* Loading.xib */ = {isa = PBXFileReference; lastKnownFileType = file.xib; path = Loading.xib; sourceTree = "<group>"; };
		A7EB7F67B342B038480B494B /* Pods-VK.debug.xcconfig */ = {isa = PBXFileReference; includeInIndex = 1; lastKnownFileType = text.xcconfig; name = "Pods-VK.debug.xcconfig"; path = "Target Support Files/Pods-VK/Pods-VK.debug.xcconfig"; sourceTree = "<group>"; };
/* End PBXFileReference section */

/* Begin PBXFrameworksBuildPhase section */
		95939D4E24935ACD0026C1C7 /* Frameworks */ = {
			isa = PBXFrameworksBuildPhase;
			buildActionMask = 2147483647;
			files = (
				63A44084A2B02587626CB11D /* Pods_VK.framework in Frameworks */,
			);
			runOnlyForDeploymentPostprocessing = 0;
		};
/* End PBXFrameworksBuildPhase section */

/* Begin PBXGroup section */
		5A47BDF8AE699FB8BB0C5B6D /* Frameworks */ = {
			isa = PBXGroup;
			children = (
				9040B23791A6CFC6C3BC4EA6 /* Pods_VK.framework */,
			);
			name = Frameworks;
			sourceTree = "<group>";
		};
		9548C37324A5200600B03357 /* Custom */ = {
			isa = PBXGroup;
			children = (
				9548C37424A5202B00B03357 /* AvatarView.swift */,
				954A3B8524B10E9B00CC4698 /* LikeButton.swift */,
				9548C37A24A77FDF00B03357 /* FilterControl.swift */,
				95476A5624B26C64004DACE0 /* LoadingAnimationView.swift */,
				95DED22724B35C630076B124 /* Loading.xib */,
			);
			path = Custom;
			sourceTree = "<group>";
		};
		9557FE0A24AB119F00331C3C /* Lenta */ = {
			isa = PBXGroup;
			children = (
				95D5C5BF24ACEAF900738786 /* LentaTableViewController.swift */,
				95411F5E24ACD6C7009F50A7 /* PostTableViewCell.swift */,
				95411F5F24ACD6C7009F50A7 /* PostTableViewCell.xib */,
			);
			path = Lenta;
			sourceTree = "<group>";
		};
		956056EF24ADF2D500DF7155 /* Me */ = {
			isa = PBXGroup;
			children = (
				9548C37624A522A400B03357 /* MeViewController.swift */,
			);
			path = Me;
			sourceTree = "<group>";
		};
		95776785249F4DCF00F12F34 /* Friends Table */ = {
			isa = PBXGroup;
			children = (
				95776783249F4DCA00F12F34 /* FriendsTableViewController.swift */,
				95776786249F4DEE00F12F34 /* FriendTableViewCell.swift */,
			);
			path = "Friends Table";
			sourceTree = "<group>";
		};
		9577678C249F4ED900F12F34 /* Photos Collection */ = {
			isa = PBXGroup;
			children = (
				95776788249F4EC100F12F34 /* PhotosFriendCollectionViewController.swift */,
				9577678A249F4ED100F12F34 /* PhotoCollectionViewCell.swift */,
			);
			path = "Photos Collection";
			sourceTree = "<group>";
		};
		9577678D249F4FC100F12F34 /* Groups Table */ = {
			isa = PBXGroup;
			children = (
				9577678E249F4FD200F12F34 /* GroupsTableViewController.swift */,
				95776790249F4FDE00F12F34 /* GroupTableViewCell.swift */,
				95776794249F50CC00F12F34 /* GlobalGroupsTableViewController.swift */,
			);
			path = "Groups Table";
			sourceTree = "<group>";
		};
		95776796249F50E300F12F34 /* Model */ = {
			isa = PBXGroup;
			children = (
				95776797249F50FE00F12F34 /* User.swift */,
				95776799249F52BB00F12F34 /* Group.swift */,
				95411F6224ACDE1C009F50A7 /* Post.swift */,
			);
			path = Model;
			sourceTree = "<group>";
		};
		95939D4824935ACD0026C1C7 = {
			isa = PBXGroup;
			children = (
				95939D5324935ACD0026C1C7 /* VK */,
				95939D5224935ACD0026C1C7 /* Products */,
				BF83A67F926D1060C1B423F2 /* Pods */,
				5A47BDF8AE699FB8BB0C5B6D /* Frameworks */,
			);
			sourceTree = "<group>";
		};
		95939D5224935ACD0026C1C7 /* Products */ = {
			isa = PBXGroup;
			children = (
				95939D5124935ACD0026C1C7 /* VK.app */,
			);
			name = Products;
			sourceTree = "<group>";
		};
		95939D5324935ACD0026C1C7 /* VK */ = {
			isa = PBXGroup;
			children = (
				95939D5424935ACD0026C1C7 /* AppDelegate.swift */,
				95939D5824935ACD0026C1C7 /* LoginViewController.swift */,
				95939D5A24935ACD0026C1C7 /* Main.storyboard */,
				95776785249F4DCF00F12F34 /* Friends Table */,
				9577678C249F4ED900F12F34 /* Photos Collection */,
				9577678D249F4FC100F12F34 /* Groups Table */,
				9557FE0A24AB119F00331C3C /* Lenta */,
				95939D5D24935ACE0026C1C7 /* Assets.xcassets */,
				9548C37324A5200600B03357 /* Custom */,
				956056EF24ADF2D500DF7155 /* Me */,
				95776796249F50E300F12F34 /* Model */,
				95939D5F24935ACE0026C1C7 /* LaunchScreen.storyboard */,
				95939D6224935ACE0026C1C7 /* Info.plist */,
			);
			path = VK;
			sourceTree = "<group>";
		};
		BF83A67F926D1060C1B423F2 /* Pods */ = {
			isa = PBXGroup;
			children = (
				A7EB7F67B342B038480B494B /* Pods-VK.debug.xcconfig */,
				185A5960641C48FF69943891 /* Pods-VK.release.xcconfig */,
			);
			path = Pods;
			sourceTree = "<group>";
		};
/* End PBXGroup section */

/* Begin PBXNativeTarget section */
		95939D5024935ACD0026C1C7 /* VK */ = {
			isa = PBXNativeTarget;
			buildConfigurationList = 95939D6524935ACE0026C1C7 /* Build configuration list for PBXNativeTarget "VK" */;
			buildPhases = (
				A6277F7A167CEC891027294A /* [CP] Check Pods Manifest.lock */,
				95939D4D24935ACD0026C1C7 /* Sources */,
				95939D4E24935ACD0026C1C7 /* Frameworks */,
				95939D4F24935ACD0026C1C7 /* Resources */,
				BEF949C8EE2B71A99616F46C /* [CP] Embed Pods Frameworks */,
			);
			buildRules = (
			);
			dependencies = (
			);
			name = VK;
			productName = "1l_ДмитриевДенис";
			productReference = 95939D5124935ACD0026C1C7 /* VK.app */;
			productType = "com.apple.product-type.application";
		};
/* End PBXNativeTarget section */

/* Begin PBXProject section */
		95939D4924935ACD0026C1C7 /* Project object */ = {
			isa = PBXProject;
			attributes = {
				LastSwiftUpdateCheck = 1150;
				LastUpgradeCheck = 1150;
				ORGANIZATIONNAME = "Denis Dmitriev";
				TargetAttributes = {
					95939D5024935ACD0026C1C7 = {
						CreatedOnToolsVersion = 11.5;
					};
				};
			};
			buildConfigurationList = 95939D4C24935ACD0026C1C7 /* Build configuration list for PBXProject "VK" */;
			compatibilityVersion = "Xcode 9.3";
			developmentRegion = en;
			hasScannedForEncodings = 0;
			knownRegions = (
				en,
				Base,
			);
			mainGroup = 95939D4824935ACD0026C1C7;
			productRefGroup = 95939D5224935ACD0026C1C7 /* Products */;
			projectDirPath = "";
			projectRoot = "";
			targets = (
				95939D5024935ACD0026C1C7 /* VK */,
			);
		};
/* End PBXProject section */

/* Begin PBXResourcesBuildPhase section */
		95939D4F24935ACD0026C1C7 /* Resources */ = {
			isa = PBXResourcesBuildPhase;
			buildActionMask = 2147483647;
			files = (
				95939D6124935ACE0026C1C7 /* LaunchScreen.storyboard in Resources */,
				95939D5E24935ACE0026C1C7 /* Assets.xcassets in Resources */,
				95939D5C24935ACD0026C1C7 /* Main.storyboard in Resources */,
				95DED22824B35C640076B124 /* Loading.xib in Resources */,
				95411F6124ACD6C7009F50A7 /* PostTableViewCell.xib in Resources */,
			);
			runOnlyForDeploymentPostprocessing = 0;
		};
/* End PBXResourcesBuildPhase section */

/* Begin PBXShellScriptBuildPhase section */
		A6277F7A167CEC891027294A /* [CP] Check Pods Manifest.lock */ = {
			isa = PBXShellScriptBuildPhase;
			buildActionMask = 2147483647;
			files = (
			);
			inputFileListPaths = (
			);
			inputPaths = (
				"${PODS_PODFILE_DIR_PATH}/Podfile.lock",
				"${PODS_ROOT}/Manifest.lock",
			);
			name = "[CP] Check Pods Manifest.lock";
			outputFileListPaths = (
			);
			outputPaths = (
				"$(DERIVED_FILE_DIR)/Pods-VK-checkManifestLockResult.txt",
			);
			runOnlyForDeploymentPostprocessing = 0;
			shellPath = /bin/sh;
			shellScript = "diff \"${PODS_PODFILE_DIR_PATH}/Podfile.lock\" \"${PODS_ROOT}/Manifest.lock\" > /dev/null\nif [ $? != 0 ] ; then\n    # print error to STDERR\n    echo \"error: The sandbox is not in sync with the Podfile.lock. Run 'pod install' or update your CocoaPods installation.\" >&2\n    exit 1\nfi\n# This output is used by Xcode 'outputs' to avoid re-running this script phase.\necho \"SUCCESS\" > \"${SCRIPT_OUTPUT_FILE_0}\"\n";
			showEnvVarsInLog = 0;
		};
		BEF949C8EE2B71A99616F46C /* [CP] Embed Pods Frameworks */ = {
			isa = PBXShellScriptBuildPhase;
			buildActionMask = 2147483647;
			files = (
			);
			inputFileListPaths = (
				"${PODS_ROOT}/Target Support Files/Pods-VK/Pods-VK-frameworks-${CONFIGURATION}-input-files.xcfilelist",
			);
			name = "[CP] Embed Pods Frameworks";
			outputFileListPaths = (
				"${PODS_ROOT}/Target Support Files/Pods-VK/Pods-VK-frameworks-${CONFIGURATION}-output-files.xcfilelist",
			);
			runOnlyForDeploymentPostprocessing = 0;
			shellPath = /bin/sh;
			shellScript = "\"${PODS_ROOT}/Target Support Files/Pods-VK/Pods-VK-frameworks.sh\"\n";
			showEnvVarsInLog = 0;
		};
/* End PBXShellScriptBuildPhase section */

/* Begin PBXSourcesBuildPhase section */
		95939D4D24935ACD0026C1C7 /* Sources */ = {
			isa = PBXSourcesBuildPhase;
			buildActionMask = 2147483647;
			files = (
				95939D5924935ACD0026C1C7 /* LoginViewController.swift in Sources */,
				9548C37524A5202B00B03357 /* AvatarView.swift in Sources */,
				95411F6024ACD6C7009F50A7 /* PostTableViewCell.swift in Sources */,
				95939D5524935ACD0026C1C7 /* AppDelegate.swift in Sources */,
				954A3B8624B10E9B00CC4698 /* LikeButton.swift in Sources */,
				95D5C5C024ACEAF900738786 /* LentaTableViewController.swift in Sources */,
				9577679A249F52BB00F12F34 /* Group.swift in Sources */,
				95776795249F50CC00F12F34 /* GlobalGroupsTableViewController.swift in Sources */,
				95776784249F4DCA00F12F34 /* FriendsTableViewController.swift in Sources */,
				95776791249F4FDE00F12F34 /* GroupTableViewCell.swift in Sources */,
				95476A5724B26C64004DACE0 /* LoadingAnimationView.swift in Sources */,
				95776787249F4DEE00F12F34 /* FriendTableViewCell.swift in Sources */,
				9548C37724A522A400B03357 /* MeViewController.swift in Sources */,
				9577678F249F4FD200F12F34 /* GroupsTableViewController.swift in Sources */,
				9548C37B24A77FDF00B03357 /* FilterControl.swift in Sources */,
				95776789249F4EC100F12F34 /* PhotosFriendCollectionViewController.swift in Sources */,
				95411F6324ACDE1C009F50A7 /* Post.swift in Sources */,
				95776798249F50FE00F12F34 /* User.swift in Sources */,
				9577678B249F4ED100F12F34 /* PhotoCollectionViewCell.swift in Sources */,
			);
			runOnlyForDeploymentPostprocessing = 0;
		};
/* End PBXSourcesBuildPhase section */

/* Begin PBXVariantGroup section */
		95939D5A24935ACD0026C1C7 /* Main.storyboard */ = {
			isa = PBXVariantGroup;
			children = (
				95939D5B24935ACD0026C1C7 /* Base */,
			);
			name = Main.storyboard;
			sourceTree = "<group>";
		};
		95939D5F24935ACE0026C1C7 /* LaunchScreen.storyboard */ = {
			isa = PBXVariantGroup;
			children = (
				95939D6024935ACE0026C1C7 /* Base */,
			);
			name = LaunchScreen.storyboard;
			sourceTree = "<group>";
		};
/* End PBXVariantGroup section */

/* Begin XCBuildConfiguration section */
		95939D6324935ACE0026C1C7 /* Debug */ = {
			isa = XCBuildConfiguration;
			buildSettings = {
				ALWAYS_SEARCH_USER_PATHS = NO;
				CLANG_ANALYZER_NONNULL = YES;
				CLANG_ANALYZER_NUMBER_OBJECT_CONVERSION = YES_AGGRESSIVE;
				CLANG_CXX_LANGUAGE_STANDARD = "gnu++14";
				CLANG_CXX_LIBRARY = "libc++";
				CLANG_ENABLE_MODULES = YES;
				CLANG_ENABLE_OBJC_ARC = YES;
				CLANG_ENABLE_OBJC_WEAK = YES;
				CLANG_WARN_BLOCK_CAPTURE_AUTORELEASING = YES;
				CLANG_WARN_BOOL_CONVERSION = YES;
				CLANG_WARN_COMMA = YES;
				CLANG_WARN_CONSTANT_CONVERSION = YES;
				CLANG_WARN_DEPRECATED_OBJC_IMPLEMENTATIONS = YES;
				CLANG_WARN_DIRECT_OBJC_ISA_USAGE = YES_ERROR;
				CLANG_WARN_DOCUMENTATION_COMMENTS = YES;
				CLANG_WARN_EMPTY_BODY = YES;
				CLANG_WARN_ENUM_CONVERSION = YES;
				CLANG_WARN_INFINITE_RECURSION = YES;
				CLANG_WARN_INT_CONVERSION = YES;
				CLANG_WARN_NON_LITERAL_NULL_CONVERSION = YES;
				CLANG_WARN_OBJC_IMPLICIT_RETAIN_SELF = YES;
				CLANG_WARN_OBJC_LITERAL_CONVERSION = YES;
				CLANG_WARN_OBJC_ROOT_CLASS = YES_ERROR;
				CLANG_WARN_RANGE_LOOP_ANALYSIS = YES;
				CLANG_WARN_STRICT_PROTOTYPES = YES;
				CLANG_WARN_SUSPICIOUS_MOVE = YES;
				CLANG_WARN_UNGUARDED_AVAILABILITY = YES_AGGRESSIVE;
				CLANG_WARN_UNREACHABLE_CODE = YES;
				CLANG_WARN__DUPLICATE_METHOD_MATCH = YES;
				COPY_PHASE_STRIP = NO;
				DEBUG_INFORMATION_FORMAT = dwarf;
				ENABLE_STRICT_OBJC_MSGSEND = YES;
				ENABLE_TESTABILITY = YES;
				GCC_C_LANGUAGE_STANDARD = gnu11;
				GCC_DYNAMIC_NO_PIC = NO;
				GCC_NO_COMMON_BLOCKS = YES;
				GCC_OPTIMIZATION_LEVEL = 0;
				GCC_PREPROCESSOR_DEFINITIONS = (
					"DEBUG=1",
					"$(inherited)",
				);
				GCC_WARN_64_TO_32_BIT_CONVERSION = YES;
				GCC_WARN_ABOUT_RETURN_TYPE = YES_ERROR;
				GCC_WARN_UNDECLARED_SELECTOR = YES;
				GCC_WARN_UNINITIALIZED_AUTOS = YES_AGGRESSIVE;
				GCC_WARN_UNUSED_FUNCTION = YES;
				GCC_WARN_UNUSED_VARIABLE = YES;
				IPHONEOS_DEPLOYMENT_TARGET = 13.5;
				MTL_ENABLE_DEBUG_INFO = INCLUDE_SOURCE;
				MTL_FAST_MATH = YES;
				ONLY_ACTIVE_ARCH = YES;
				SDKROOT = iphoneos;
				SWIFT_ACTIVE_COMPILATION_CONDITIONS = DEBUG;
				SWIFT_OPTIMIZATION_LEVEL = "-Onone";
			};
			name = Debug;
		};
		95939D6424935ACE0026C1C7 /* Release */ = {
			isa = XCBuildConfiguration;
			buildSettings = {
				ALWAYS_SEARCH_USER_PATHS = NO;
				CLANG_ANALYZER_NONNULL = YES;
				CLANG_ANALYZER_NUMBER_OBJECT_CONVERSION = YES_AGGRESSIVE;
				CLANG_CXX_LANGUAGE_STANDARD = "gnu++14";
				CLANG_CXX_LIBRARY = "libc++";
				CLANG_ENABLE_MODULES = YES;
				CLANG_ENABLE_OBJC_ARC = YES;
				CLANG_ENABLE_OBJC_WEAK = YES;
				CLANG_WARN_BLOCK_CAPTURE_AUTORELEASING = YES;
				CLANG_WARN_BOOL_CONVERSION = YES;
				CLANG_WARN_COMMA = YES;
				CLANG_WARN_CONSTANT_CONVERSION = YES;
				CLANG_WARN_DEPRECATED_OBJC_IMPLEMENTATIONS = YES;
				CLANG_WARN_DIRECT_OBJC_ISA_USAGE = YES_ERROR;
				CLANG_WARN_DOCUMENTATION_COMMENTS = YES;
				CLANG_WARN_EMPTY_BODY = YES;
				CLANG_WARN_ENUM_CONVERSION = YES;
				CLANG_WARN_INFINITE_RECURSION = YES;
				CLANG_WARN_INT_CONVERSION = YES;
				CLANG_WARN_NON_LITERAL_NULL_CONVERSION = YES;
				CLANG_WARN_OBJC_IMPLICIT_RETAIN_SELF = YES;
				CLANG_WARN_OBJC_LITERAL_CONVERSION = YES;
				CLANG_WARN_OBJC_ROOT_CLASS = YES_ERROR;
				CLANG_WARN_RANGE_LOOP_ANALYSIS = YES;
				CLANG_WARN_STRICT_PROTOTYPES = YES;
				CLANG_WARN_SUSPICIOUS_MOVE = YES;
				CLANG_WARN_UNGUARDED_AVAILABILITY = YES_AGGRESSIVE;
				CLANG_WARN_UNREACHABLE_CODE = YES;
				CLANG_WARN__DUPLICATE_METHOD_MATCH = YES;
				COPY_PHASE_STRIP = NO;
				DEBUG_INFORMATION_FORMAT = "dwarf-with-dsym";
				ENABLE_NS_ASSERTIONS = NO;
				ENABLE_STRICT_OBJC_MSGSEND = YES;
				GCC_C_LANGUAGE_STANDARD = gnu11;
				GCC_NO_COMMON_BLOCKS = YES;
				GCC_WARN_64_TO_32_BIT_CONVERSION = YES;
				GCC_WARN_ABOUT_RETURN_TYPE = YES_ERROR;
				GCC_WARN_UNDECLARED_SELECTOR = YES;
				GCC_WARN_UNINITIALIZED_AUTOS = YES_AGGRESSIVE;
				GCC_WARN_UNUSED_FUNCTION = YES;
				GCC_WARN_UNUSED_VARIABLE = YES;
				IPHONEOS_DEPLOYMENT_TARGET = 13.5;
				MTL_ENABLE_DEBUG_INFO = NO;
				MTL_FAST_MATH = YES;
				SDKROOT = iphoneos;
				SWIFT_COMPILATION_MODE = wholemodule;
				SWIFT_OPTIMIZATION_LEVEL = "-O";
				VALIDATE_PRODUCT = YES;
			};
			name = Release;
		};
		95939D6624935ACE0026C1C7 /* Debug */ = {
			isa = XCBuildConfiguration;
			baseConfigurationReference = A7EB7F67B342B038480B494B /* Pods-VK.debug.xcconfig */;
			buildSettings = {
				ASSETCATALOG_COMPILER_APPICON_NAME = AppIcon;
				CODE_SIGN_STYLE = Automatic;
				DEVELOPMENT_TEAM = TNTX3799P3;
				INFOPLIST_FILE = "$(SRCROOT)/VK/Info.plist";
				LD_RUNPATH_SEARCH_PATHS = (
					"$(inherited)",
					"@executable_path/Frameworks",
				);
				PRODUCT_BUNDLE_IDENTIFIER = "dd.-l--------------";
				PRODUCT_NAME = "$(TARGET_NAME)";
				SWIFT_VERSION = 5.0;
				TARGETED_DEVICE_FAMILY = "1,2";
			};
			name = Debug;
		};
		95939D6724935ACE0026C1C7 /* Release */ = {
			isa = XCBuildConfiguration;
			baseConfigurationReference = 185A5960641C48FF69943891 /* Pods-VK.release.xcconfig */;
			buildSettings = {
				ASSETCATALOG_COMPILER_APPICON_NAME = AppIcon;
				CODE_SIGN_STYLE = Automatic;
				DEVELOPMENT_TEAM = TNTX3799P3;
				INFOPLIST_FILE = "$(SRCROOT)/VK/Info.plist";
				LD_RUNPATH_SEARCH_PATHS = (
					"$(inherited)",
					"@executable_path/Frameworks",
				);
				PRODUCT_BUNDLE_IDENTIFIER = "dd.-l--------------";
				PRODUCT_NAME = "$(TARGET_NAME)";
				SWIFT_VERSION = 5.0;
				TARGETED_DEVICE_FAMILY = "1,2";
			};
			name = Release;
		};
/* End XCBuildConfiguration section */

/* Begin XCConfigurationList section */
		95939D4C24935ACD0026C1C7 /* Build configuration list for PBXProject "VK" */ = {
			isa = XCConfigurationList;
			buildConfigurations = (
				95939D6324935ACE0026C1C7 /* Debug */,
				95939D6424935ACE0026C1C7 /* Release */,
			);
			defaultConfigurationIsVisible = 0;
			defaultConfigurationName = Release;
		};
		95939D6524935ACE0026C1C7 /* Build configuration list for PBXNativeTarget "VK" */ = {
			isa = XCConfigurationList;
			buildConfigurations = (
				95939D6624935ACE0026C1C7 /* Debug */,
				95939D6724935ACE0026C1C7 /* Release */,
			);
			defaultConfigurationIsVisible = 0;
			defaultConfigurationName = Release;
		};
/* End XCConfigurationList section */
	};
	rootObject = 95939D4924935ACD0026C1C7 /* Project object */;
}
